---
lockfileVersion: '9.0'

importers:

  .:
    configDependencies: {}
    packageManagerDependencies:
      '@pnpm/exe':
        specifier: 11.24.0
        version: 11.24.0
      pnpm:
        specifier: 11.24.0
        version: 11.24.0

packages:

  '@pnpm/exe@11.24.0':
    resolution: {integrity: sha512-yCZWlhNOB3GS0I2uZC/CggwGZ+TLVLbOuBcMbVWXKFYJOg/0gnQw8eIN6YZLA+eeSvfHEvS79IDdbwu5CMQR0g==}
    hasBin: true

  '@pnpm/linux-arm64@11.24.0':
    resolution: {integrity: sha512-wgAF82SnMfWU8/xb0VLszKJYqL+MDHMMGz42s4jW+GIFUGYna/xG5VXUxgcv2FaZhJ2GbyZVUf2f/UJs6nb+zA==}
    cpu: [arm64]
    os: [linux]

  '@pnpm/linux-x64@11.24.0':
    resolution: {integrity: sha512-94e4GRvFB5hEwr9subLHLF2q3+DduKFPh2FE0+F7fgqt1Bs86gDxjJ7bbQCpTX2X4j6cUTA5Hc0HFzMz4xKnaA==}
    cpu: [x64]
    os: [linux]

  '@pnpm/linuxstatic-arm64@11.24.0':
    resolution: {integrity: sha512-1Vwk+M5fzjg364SDZfrtaZfthsy1THS9eSdH7dpBaG0l3HbLusQrh8labRlpMmK8KyQXcI1FvYLzPZVuAGGPng==}
    cpu: [arm64]
    os: [linux]
    libc: [musl]

  '@pnpm/linuxstatic-x64@11.24.0':
    resolution: {integrity: sha512-oyPChWYdJpJMDnwtCFNzupD+GEO4G6DDMARuZfBrCUgqRm1h2KDcVCqk9IbfFBfxWdK+bVHJpA9Qp3nlL6/thw==}
    cpu: [x64]
    os: [linux]
    libc: [musl]

  '@pnpm/macos-arm64@11.24.0':
    resolution: {integrity: sha512-nBzaOkR4D7HiuJRwlpk1aqaA/Wai11/zuCZjH5ZUe6fq86UWsqME0u3/F5K0j7yN8X2h7iKiApAaVmbfYMIc6A==}
    cpu: [arm64]
    os: [darwin]

  '@pnpm/win-arm64@11.24.0':
    resolution: {integrity: sha512-ECLc0U/5cnXRkBrpO/dW+x1Y+a2CCqS4l171H7+YOQNcSaCAWlezP3YNvuO+5awwGWHIW7KEXbBruu5n50zVuA==}
    cpu: [arm64]
    os: [win32]

  '@pnpm/win-x64@11.24.0':
    resolution: {integrity: sha512-2wgDrs2SiyBoU6Yw1A8QLLqBABWHwuMMQOU85k7ZMut/W94u/oizrDQiyfJyW9XzYCz4Dn2iw7OHx+3R2x7mEQ==}
    cpu: [x64]
    os: [win32]

  '@reflink/reflink-darwin-arm64@0.1.19':
    resolution: {integrity: sha512-ruy44Lpepdk1FqDz38vExBY/PVUsjxZA+chd9wozjUH9JjuDT/HEaQYA6wYN9mf041l0yLVar6BCZuWABJvHSA==}
    engines: {node: '>= 10'}
    cpu: [arm64]
    os: [darwin]

  '@reflink/reflink-darwin-x64@0.1.19':
    resolution: {integrity: sha512-By85MSWrMZa+c26TcnAy8SDk0sTUkYlNnwknSchkhHpGXOtjNDUOxJE9oByBnGbeuIE1PiQsxDG3Ud+IVV9yuA==}
    engines: {node: '>= 10'}
    cpu: [x64]
    os: [darwin]

  '@reflink/reflink-linux-arm64-gnu@0.1.19':
    resolution: {integrity: sha512-7P+er8+rP9iNeN+bfmccM4hTAaLP6PQJPKWSA4iSk2bNvo6KU6RyPgYeHxXmzNKzPVRcypZQTpFgstHam6maVg==}
    engines: {node: '>= 10'}
    cpu: [arm64]
    os: [linux]
    libc: [glibc]

  '@reflink/reflink-linux-arm64-musl@0.1.19':
    resolution: {integrity: sha512-37iO/Dp6m5DDaC2sf3zPtx/hl9FV3Xze4xoYidrxxS9bgP3S8ALroxRK6xBG/1TtfXKTvolvp+IjrUU6ujIGmA==}
    engines: {node: '>= 10'}
    cpu: [arm64]
    os: [linux]
    libc: [musl]

  '@reflink/reflink-linux-x64-gnu@0.1.19':
    resolution: {integrity: sha512-jbI8jvuYCaA3MVUdu8vLoLAFqC+iNMpiSuLbxlAgg7x3K5bsS8nOpTRnkLF7vISJ+rVR8W+7ThXlXlUQ93ulkw==}
    engines: {node: '>= 10'}
    cpu: [x64]
    os: [linux]
    libc: [glibc]

  '@reflink/reflink-linux-x64-musl@0.1.19':
    resolution: {integrity: sha512-e9FBWDe+lv7QKAwtKOt6A2W/fyy/aEEfr0g6j/hWzvQcrzHCsz07BNQYlNOjTfeytrtLU7k449H1PI95jA4OjQ==}
    engines: {node: '>= 10'}
    cpu: [x64]
    os: [linux]
    libc: [musl]

  '@reflink/reflink-win32-arm64-msvc@0.1.19':
    resolution: {integrity: sha512-09PxnVIQcd+UOn4WAW73WU6PXL7DwGS6wPlkMhMg2zlHHG65F3vHepOw06HFCq+N42qkaNAc8AKIabWvtk6cIQ==}
    engines: {node: '>= 10'}
    cpu: [arm64]
    os: [win32]

  '@reflink/reflink-win32-x64-msvc@0.1.19':
    resolution: {integrity: sha512-E//yT4ni2SyhwP8JRjVGWr3cbnhWDiPLgnQ66qqaanjjnMiu3O/2tjCPQXlcGc/DEYofpDc9fvhv6tALQsMV9w==}
    engines: {node: '>= 10'}
    cpu: [x64]
    os: [win32]

  '@reflink/reflink@0.1.19':
    resolution: {integrity: sha512-DmCG8GzysnCZ15bres3N5AHCmwBwYgp0As6xjhQ47rAUTUXxJiK+lLUxaGsX3hd/30qUpVElh05PbGuxRPgJwA==}
    engines: {node: '>= 10'}

  detect-libc@2.1.2:
    resolution: {integrity: sha512-Btj2BOOO83o3WyH59e8MgXsxEQVcarkUOpEYrubB0urwnN10yQ364rsiByU11nZlqWYZm05i/of7io4mzihBtQ==}
    engines: {node: '>=8'}

  pnpm@11.24.0:
    resolution: {integrity: sha512-vSfjRel23LC+C3oSKCF7BJqBfiGx81XJDb59xGZxiVqLwebQbCRVRQXqk+oLRfSJon7Bv7yN5qlln8oPFvoAAA==}
    engines: {node: '>=22.13'}
    hasBin: true

snapshots:

  '@pnpm/exe@11.24.0':
    dependencies:
      '@reflink/reflink': 0.1.19
      detect-libc: 2.1.2
    optionalDependencies:
      '@pnpm/linux-arm64': 11.24.0
      '@pnpm/linux-x64': 11.24.0
      '@pnpm/linuxstatic-arm64': 11.24.0
      '@pnpm/linuxstatic-x64': 11.24.0
      '@pnpm/macos-arm64': 11.24.0
      '@pnpm/win-arm64': 11.24.0
      '@pnpm/win-x64': 11.24.0

  '@pnpm/linux-arm64@11.24.0':
    optional: true

  '@pnpm/linux-x64@11.24.0':
    optional: true

  '@pnpm/linuxstatic-arm64@11.24.0':
    optional: true

  '@pnpm/linuxstatic-x64@11.24.0':
    optional: true

  '@pnpm/macos-arm64@11.24.0':
    optional: true

  '@pnpm/win-arm64@11.24.0':
    optional: true

  '@pnpm/win-x64@11.24.0':
    optional: true

  '@reflink/reflink-darwin-arm64@0.1.19':
    optional: true

  '@reflink/reflink-darwin-x64@0.1.19':
    optional: true

  '@reflink/reflink-linux-arm64-gnu@0.1.19':
    optional: true

  '@reflink/reflink-linux-arm64-musl@0.1.19':
    optional: true

  '@reflink/reflink-linux-x64-gnu@0.1.19':
    optional: true

  '@reflink/reflink-linux-x64-musl@0.1.19':
    optional: true

  '@reflink/reflink-win32-arm64-msvc@0.1.19':
    optional: true

  '@reflink/reflink-win32-x64-msvc@0.1.19':
    optional: true

  '@reflink/reflink@0.1.19':
    optionalDependencies:
      '@reflink/reflink-darwin-arm64': 0.1.19
      '@reflink/reflink-darwin-x64': 0.1.19
      '@reflink/reflink-linux-arm64-gnu': 0.1.19
      '@reflink/reflink-linux-arm64-musl': 0.1.19
      '@reflink/reflink-linux-x64-gnu': 0.1.19
      '@reflink/reflink-linux-x64-musl': 0.1.19
      '@reflink/reflink-win32-arm64-msvc': 0.1.19
      '@reflink/reflink-win32-x64-msvc': 0.1.19

  detect-libc@2.1.2: {}

  pnpm@11.24.0: {}

---
lockfileVersion: '9.0'

settings:
  autoInstallPeers: true
  excludeLinksFromLockfile: false

importers:

  .:
    dependencies:
      oxfmt:
        specifier: ^0.66.0
        version: 0.66.0
      oxlint:
        specifier: ^1.81.0
        version: 1.81.0
      servor:
        specifier: ^4.0.2
        version: 4.0.2

packages:

  '@oxfmt/binding-android-arm-eabi@0.66.0':
    resolution: {integrity: sha512-2Me9eoptv6ERdEuI2P8AOlYdHHraXebJaM6SC0kc2Dfb+mLrep2db+fedBPKaYn673h/vBgvP4tkOdAbaudX6w==}
    engines: {node: ^20.19.0 || >=22.12.0}
    cpu: [arm]
    os: [android]

  '@oxfmt/binding-android-arm64@0.66.0':
    resolution: {integrity: sha512-u7O+bSSF0HGsDKkQQxBqvLGVepu93RA+JKu+ONqvfh4sCnCEbj31wZj4iG5gk3XfRwrmYj0/8catkO2LcblQKQ==}
    engines: {node: ^20.19.0 || >=22.12.0}
    cpu: [arm64]
    os: [android]

  '@oxfmt/binding-darwin-arm64@0.66.0':
    resolution: {integrity: sha512-/ikyMIVjX/sdo7KtjxoEsSUosfPzveVhT9RWMx9yGqFDKFJ89JAEKuEeLBmurDjrkb4w8tOnAdSO3SBaplY3bw==}
    engines: {node: ^20.19.0 || >=22.12.0}
    cpu: [arm64]
    os: [darwin]

  '@oxfmt/binding-darwin-x64@0.66.0':
    resolution: {integrity: sha512-q5xUsKeFqawa9NXa6ZGXWimFV19m8MogKPdTaSVDAAk2EQKBmBZRDeluwcl1p8ty/OFc9s9888OKEh3xfPVH0g==}
    engines: {node: ^20.19.0 || >=22.12.0}
    cpu: [x64]
    os: [darwin]

  '@oxfmt/binding-freebsd-x64@0.66.0':
    resolution: {integrity: sha512-CR+x4VzMY0pRXLK/xFQ/RzsSFkP5t2Z2mef0QY6OP/rTRcMUoMLCOM62/3Fp/t0K+UDoBKxvMyeb6D0zPMjleA==}
    engines: {node: ^20.19.0 || >=22.12.0}
    cpu: [x64]
    os: [freebsd]

  '@oxfmt/binding-linux-arm-gnueabihf@0.66.0':
    resolution: {integrity: sha512-ZEYmO/LbH9tTQCADILHGZE4GeOXOAj2VzedHkASNwjmwlwtutJCLpCJbIs37wRGTFgWRoEcD72jpMX+IBJUGjQ==}
    engines: {node: ^20.19.0 || >=22.12.0}
    cpu: [arm]
    os: [linux]

  '@oxfmt/binding-linux-arm-musleabihf@0.66.0':
    resolution: {integrity: sha512-hNtR9/oU0CeTkq7JnRkmBQwqe17v2ZaAMLC4VcN7IIOWeRyWDk0knSPWS9iiLmtbZ2RRBBtsG01jQgkZmKCJeQ==}
    engines: {node: ^20.19.0 || >=22.12.0}
    cpu: [arm]
    os: [linux]

  '@oxfmt/binding-linux-arm64-gnu@0.66.0':
    resolution: {integrity: sha512-uwOVQ8i6I1LT/+eDzfsgrrcZp8Fn6NPVUPn8fF5gdFGekFf0PddF+LEuwsD0/pbNUcKZhDj2rQ5UpITh9gF4iQ==}
    engines: {node: ^20.19.0 || >=22.12.0}
    cpu: [arm64]
    os: [linux]
    libc: [glibc]

  '@oxfmt/binding-linux-arm64-musl@0.66.0':
    resolution: {integrity: sha512-tTkF2Dmx4nGAjmBlZb+UtTGqR/EK4ZrW9qBfzte07a9XWqzoGGKzpFFlyNDhQe+Uwql94+ReCTeNbhOXscw1Dg==}
    engines: {node: ^20.19.0 || >=22.12.0}
    cpu: [arm64]
    os: [linux]
    libc: [musl]

  '@oxfmt/binding-linux-ppc64-gnu@0.66.0':
    resolution: {integrity: sha512-F3cKHUav4yXOHn6GFnwpBhSYsJOYKKf9eqO/9jlEuqPxNw9zb98E9ZFct79gcg8pibUGkbveEu9WDlmXJpDzKw==}
    engines: {node: ^20.19.0 || >=22.12.0}
    cpu: [ppc64]
    os: [linux]
    libc: [glibc]

  '@oxfmt/binding-linux-riscv64-gnu@0.66.0':
    resolution: {integrity: sha512-K5fDaNZfDyQMYA/3qL21bqyN0X9T15LLwwbFPt2aHc94+ZG7bh0vZEsy2y7NlRnjjHFSwN+Hzg6ldJtbOriH4Q==}
    engines: {node: ^20.19.0 || >=22.12.0}
    cpu: [riscv64]
    os: [linux]
    libc: [glibc]

  '@oxfmt/binding-linux-riscv64-musl@0.66.0':
    resolution: {integrity: sha512-44Yc+I+qOmTElRcEhm5hUKIUJEQIOugymz4ua4tB0Wox7tGAfIbjzmXz/HDAtw1Ij6gmBwZlzh4hc9679RhWeA==}
    engines: {node: ^20.19.0 || >=22.12.0}
    cpu: [riscv64]
    os: [linux]
    libc: [musl]

  '@oxfmt/binding-linux-s390x-gnu@0.66.0':
    resolution: {integrity: sha512-1e29Eg9hEj2kRBB19M0seIehPbbXHCk35GvImjDvb79rjjYjXCRmtbUNHJcgoktZAMIzXrTbxDBKmTc1V4bg3A==}
    engines: {node: ^20.19.0 || >=22.12.0}
    cpu: [s390x]
    os: [linux]
    libc: [glibc]

  '@oxfmt/binding-linux-x64-gnu@0.66.0':
    resolution: {integrity: sha512-vODY1UQo10gngn0+D4xHKU84F1Twm1LqrzV4SqPXvmQKSd87paehvZ6jqA5wKs6XQrlWul9clYMDVHcoW9CPMA==}
    engines: {node: ^20.19.0 || >=22.12.0}
    cpu: [x64]
    os: [linux]
    libc: [glibc]

  '@oxfmt/binding-linux-x64-musl@0.66.0':
    resolution: {integrity: sha512-YDzXx2JsT4+HL4MdkVrYjO55NS5lUKNm8rLC4ZPou8+seu0v0jhecSh+ufoO6+xEa8gccEezMlI2WHJi4ApUgw==}
    engines: {node: ^20.19.0 || >=22.12.0}
    cpu: [x64]
    os: [linux]
    libc: [musl]

  '@oxfmt/binding-openharmony-arm64@0.66.0':
    resolution: {integrity: sha512-mJjUYd8lj0+j4JkYyEM+5qKBf1Rnrpgjn/SVYKJhicVDqLz566ooa7Fs8zflPqt+dnZDV7X054rVIQX6ZcQNlQ==}
    engines: {node: ^20.19.0 || >=22.12.0}
    cpu: [arm64]
    os: [openharmony]

  '@oxfmt/binding-win32-arm64-msvc@0.66.0':
    resolution: {integrity: sha512-soV+0vESv7e5ntCHWC61x4gg8OSak6IHHnWsZmHrJFlvMj2AK+kmldErCNkVkrvc1Ts2/++rJXn+IuAb2WMXhw==}
    engines: {node: ^20.19.0 || >=22.12.0}
    cpu: [arm64]
    os: [win32]

  '@oxfmt/binding-win32-ia32-msvc@0.66.0':
    resolution: {integrity: sha512-YCPi23uRIEYuIKTZohAkKbPFpujQ5QBuUM5iDv+UqbCmTPAkaFsxjsSuB8xlBpRT0G7eP/4HMF+cPDSqHtOD9A==}
    engines: {node: ^20.19.0 || >=22.12.0}
    cpu: [ia32]
    os: [win32]

  '@oxfmt/binding-win32-x64-msvc@0.66.0':
    resolution: {integrity: sha512-bwTQcv/JVRPkOqQtMF0X7vpvpncDQiBcXHxZ9S2hR12Hlo8bvBdUR5x5XnxzDZ3kM0qoZw1rv7KaD66Ly+pFWA==}
    engines: {node: ^20.19.0 || >=22.12.0}
    cpu: [x64]
    os: [win32]

  '@oxlint/binding-android-arm-eabi@1.81.0':
    resolution: {integrity: sha512-IcCRsXiedJoJopY6mpZUBEeVFsUrutmrG7dZ87zMuKJlhg70Ora9bBl1WcCxZQtyI10YpnVdEso5oCg7YcfSHw==}
    engines: {node: ^20.19.0 || >=22.12.0}
    cpu: [arm]
    os: [android]

  '@oxlint/binding-android-arm64@1.81.0':
    resolution: {integrity: sha512-GRrIPyTGVhx3L3h+0T5xT2A0jFAcdPv4+IfuXpGDLIdl6XeYhgg/zw72A5ILZoUgRqZuM8F1y+V/gfDriXSxzQ==}
    engines: {node: ^20.19.0 || >=22.12.0}
    cpu: [arm64]
    os: [android]

  '@oxlint/binding-darwin-arm64@1.81.0':
    resolution: {integrity: sha512-qNQ9tXRgLuKbqSV1S2h9h4KPHjbovO7RRR2/enUOtHzTkFZ7B9X5zqqHJua8dRyc7dBy7Aoyq5pqTSLFVcAzGQ==}
    engines: {node: ^20.19.0 || >=22.12.0}
    cpu: [arm64]
    os: [darwin]

  '@oxlint/binding-darwin-x64@1.81.0':
    resolution: {integrity: sha512-q0QTm32jWga2Gv4j7IaVZN0jYMi9UV73sWVgFtDA4iIfqwMCLLZ3ve+9KwfYtsaKZSgQhmPaogeZWqDZpcY1Pw==}
    engines: {node: ^20.19.0 || >=22.12.0}
    cpu: [x64]
    os: [darwin]

  '@oxlint/binding-freebsd-x64@1.81.0':
    resolution: {integrity: sha512-/+8wVWDXEC7wHVAhOc59Fw/SkMc1arLkFD8iQCaSsmzenK1X4doFqquL9H1wrtGUzaiycVqkf/sSpcILK6W1UA==}
    engines: {node: ^20.19.0 || >=22.12.0}
    cpu: [x64]
    os: [freebsd]

  '@oxlint/binding-linux-arm-gnueabihf@1.81.0':
    resolution: {integrity: sha512-4xt422FEgioRq9hAL4Tq7fujGUWnc8z1BJ+Oi8RN8vB8axaP+sdK6a2xdlcQCCYnJg9QMuMFS0AucuIFx/EacA==}
    engines: {node: ^20.19.0 || >=22.12.0}
    cpu: [arm]
    os: [linux]

  '@oxlint/binding-linux-arm-musleabihf@1.81.0':
    resolution: {integrity: sha512-u3vna8KdGplH4DRCW9K54D68fcMo7IxVrkCJWwXnIhwtBdnDnYrmzOUA/XjmBlPpcLsgw9Z5BNdY4za9+Dj+MQ==}
    engines: {node: ^20.19.0 || >=22.12.0}
    cpu: [arm]
    os: [linux]

  '@oxlint/binding-linux-arm64-gnu@1.81.0':
    resolution: {integrity: sha512-3j9k+gsYsE7nv71GWotXsqsa2l9/aJenD7dVHNt/CBvsb0SgRjSMnHFeP59IXUAl1wvVFhqGl2wJNMwWU3UBlA==}
    engines: {node: ^20.19.0 || >=22.12.0}
    cpu: [arm64]
    os: [linux]
    libc: [glibc]

  '@oxlint/binding-linux-arm64-musl@1.81.0':
    resolution: {integrity: sha512-k5iAp3dNxW0/uDCBY+WSm8jKB2szu7SkEQZdgRRpDXvuDd69vvDcqhB3A/pWCfCwXyenjNjFn9Td1fVoyAc+Yg==}
    engines: {node: ^20.19.0 || >=22.12.0}
    cpu: [arm64]
    os: [linux]
    libc: [musl]

  '@oxlint/binding-linux-ppc64-gnu@1.81.0':
    resolution: {integrity: sha512-TFqLja3uYmVSte6nof9GWrex9Z8WgdZrNiLC6Te5rXGDqXB2y4j/26iFhwosXiAFqDhE9JJVuuCkDKLwptTn1g==}
    engines: {node: ^20.19.0 || >=22.12.0}
    cpu: [ppc64]
    os: [linux]
    libc: [glibc]

  '@oxlint/binding-linux-riscv64-gnu@1.81.0':
    resolution: {integrity: sha512-UEcySvGS0NOVo7h7n7CYyJL9+6gFAh7Zc/ToDXVScFvzHSTIxtzkMVU30rmQ6+nQ1LF+UdiRDdJajpDu+OylLg==}
    engines: {node: ^20.19.0 || >=22.12.0}
    cpu: [riscv64]
    os: [linux]
    libc: [glibc]

  '@oxlint/binding-linux-riscv64-musl@1.81.0':
    resolution: {integrity: sha512-H+diDbhD00+wI1IRP8Kz88x/lat+DgtoBJzoTthS16xkTJGNaEkfb8gzmd1rzc/2uDQQMl7GNl+JFUacVeWxIA==}
    engines: {node: ^20.19.0 || >=22.12.0}
    cpu: [riscv64]
    os: [linux]
    libc: [musl]

  '@oxlint/binding-linux-s390x-gnu@1.81.0':
    resolution: {integrity: sha512-8znJ/5TekjOKg1j1Acho4PJMdiAHLtlcXuWEiipOhAMV6rQcXdmDdXCbheyDczN6TjBwiNfjcP81k4AthrKRzw==}
    engines: {node: ^20.19.0 || >=22.12.0}
    cpu: [s390x]
    os: [linux]
    libc: [glibc]

  '@oxlint/binding-linux-x64-gnu@1.81.0':
    resolution: {integrity: sha512-Q2Wj70yFsvn5QjlmifFzbj4H+kJy53bwqc41o1fzoM7MpLV1NIbhg/LpWXRfC6KOkSAdUx1Wd8VJsdPmhp/HRA==}
    engines: {node: ^20.19.0 || >=22.12.0}
    cpu: [x64]
    os: [linux]
    libc: [glibc]

  '@oxlint/binding-linux-x64-musl@1.81.0':
    resolution: {integrity: sha512-cPInHp/ddEe5qkyK2IiyQ8Q3Mp2oLLEhhsGgTK2oZx4L6+llGam1H1yBvJZ7qHfOXj8N3hxBS8sj4tO+gtFlIg==}
    engines: {node: ^20.19.0 || >=22.12.0}
    cpu: [x64]
    os: [linux]
    libc: [musl]

  '@oxlint/binding-openharmony-arm64@1.81.0':
    resolution: {integrity: sha512-0CQxSX4ajqm07AHBf5U33qQzXKdd7wtq/oTL/7vpY6RNNuxrRi8W4bqUV1Jyu/vj+9KmxQyDhxfeVX1nQL6kfg==}
    engines: {node: ^20.19.0 || >=22.12.0}
    cpu: [arm64]
    os: [openharmony]

  '@oxlint/binding-win32-arm64-msvc@1.81.0':
    resolution: {integrity: sha512-l0hbeISm9673hVrrQU8j/p2M7YH9Ouoj7p7E/QM55NTrKVLP+P3PF8hLu+OY+x0VtGRW+ggiQKZqmdYps9H+TA==}
    engines: {node: ^20.19.0 || >=22.12.0}
    cpu: [arm64]
    os: [win32]

  '@oxlint/binding-win32-ia32-msvc@1.81.0':
    resolution: {integrity: sha512-ksqPP5jbFXcYreEQ7zdJh06rJQBymCTyGRCdaXjfcf2aG4f8KxUWY5wcgYHmaTK+FJ4bPG5sUAdOX+6trnH1JA==}
    engines: {node: ^20.19.0 || >=22.12.0}
    cpu: [ia32]
    os: [win32]

  '@oxlint/binding-win32-x64-msvc@1.81.0':
    resolution: {integrity: sha512-IZuUCwGw9emG5JtCp+fYGB+Z4OWEoeEcM8R5BA1pYw63/ieYFVdcU2ylxTpHbVHSenZnsYE+ZZ20uHAJszQ4cA==}
    engines: {node: ^20.19.0 || >=22.12.0}
    cpu: [x64]
    os: [win32]

  oxfmt@0.66.0:
    resolution: {integrity: sha512-FfvqR8RFtV6JJpRrpkfqyVCQ7HDvZ/VriWFx7veftCgL1B5ZO9qNr+1rvPieycMQnNfVG0PWyJQiy7p0hq1I5w==}
    engines: {node: ^20.19.0 || >=22.12.0}
    hasBin: true
    peerDependencies:
      svelte: ^5.0.0
      vite-plus: '*'
    peerDependenciesMeta:
      svelte:
        optional: true
      vite-plus:
        optional: true

  oxlint@1.81.0:
    resolution: {integrity: sha512-HyrJYqeoOCL0iqaLEzGewGT48ZX99P3hxYh8udAF9RGGIghSamkXE4ClUyBpEDNqasamThgmlPbuMOe7SAZmHg==}
    engines: {node: ^20.19.0 || >=22.12.0}
    hasBin: true
    peerDependencies:
      oxlint-tsgolint: '>=7.0.2001'
      vite-plus: '*'
    peerDependenciesMeta:
      oxlint-tsgolint:
        optional: true
      vite-plus:
        optional: true

  servor@4.0.2:
    resolution: {integrity: sha512-MlmQ5Ntv4jDYUN060x/KEmN7emvIqKMZ9OkM+nY8Bf2+KkyLmGsTqWLyAN2cZr5oESAcH00UanUyyrlS1LRjFw==}
    hasBin: true

  tinypool@2.1.0:
    resolution: {integrity: sha512-Pugqs6M0m7Lv1I7FtxN4aoyToKg1C4tu+/381vH35y8oENM/Ai7f7C4StcoK4/+BSw9ebcS8jRiVrORFKCALLw==}
    engines: {node: ^20.0.0 || >=22.0.0}

snapshots:

  '@oxfmt/binding-android-arm-eabi@0.66.0':
    optional: true

  '@oxfmt/binding-android-arm64@0.66.0':
    optional: true

  '@oxfmt/binding-darwin-arm64@0.66.0':
    optional: true

  '@oxfmt/binding-darwin-x64@0.66.0':
    optional: true

  '@oxfmt/binding-freebsd-x64@0.66.0':
    optional: true

  '@oxfmt/binding-linux-arm-gnueabihf@0.66.0':
    optional: true

  '@oxfmt/binding-linux-arm-musleabihf@0.66.0':
    optional: true

  '@oxfmt/binding-linux-arm64-gnu@0.66.0':
    optional: true

  '@oxfmt/binding-linux-arm64-musl@0.66.0':
    optional: true

  '@oxfmt/binding-linux-ppc64-gnu@0.66.0':
    optional: true

  '@oxfmt/binding-linux-riscv64-gnu@0.66.0':
    optional: true

  '@oxfmt/binding-linux-riscv64-musl@0.66.0':
    optional: true

  '@oxfmt/binding-linux-s390x-gnu@0.66.0':
    optional: true

  '@oxfmt/binding-linux-x64-gnu@0.66.0':
    optional: true

  '@oxfmt/binding-linux-x64-musl@0.66.0':
    optional: true

  '@oxfmt/binding-openharmony-arm64@0.66.0':
    optional: true

  '@oxfmt/binding-win32-arm64-msvc@0.66.0':
    optional: true

  '@oxfmt/binding-win32-ia32-msvc@0.66.0':
    optional: true

  '@oxfmt/binding-win32-x64-msvc@0.66.0':
    optional: true

  '@oxlint/binding-android-arm-eabi@1.81.0':
    optional: true

  '@oxlint/binding-android-arm64@1.81.0':
    optional: true

  '@oxlint/binding-darwin-arm64@1.81.0':
    optional: true

  '@oxlint/binding-darwin-x64@1.81.0':
    optional: true

  '@oxlint/binding-freebsd-x64@1.81.0':
    optional: true

  '@oxlint/binding-linux-arm-gnueabihf@1.81.0':
    optional: true

  '@oxlint/binding-linux-arm-musleabihf@1.81.0':
    optional: true

  '@oxlint/binding-linux-arm64-gnu@1.81.0':
    optional: true

  '@oxlint/binding-linux-arm64-musl@1.81.0':
    optional: true

  '@oxlint/binding-linux-ppc64-gnu@1.81.0':
    optional: true

  '@oxlint/binding-linux-riscv64-gnu@1.81.0':
    optional: true

  '@oxlint/binding-linux-riscv64-musl@1.81.0':
    optional: true

  '@oxlint/binding-linux-s390x-gnu@1.81.0':
    optional: true

  '@oxlint/binding-linux-x64-gnu@1.81.0':
    optional: true

  '@oxlint/binding-linux-x64-musl@1.81.0':
    optional: true

  '@oxlint/binding-openharmony-arm64@1.81.0':
    optional: true

  '@oxlint/binding-win32-arm64-msvc@1.81.0':
    optional: true

  '@oxlint/binding-win32-ia32-msvc@1.81.0':
    optional: true

  '@oxlint/binding-win32-x64-msvc@1.81.0':
    optional: true

  oxfmt@0.66.0:
    dependencies:
      tinypool: 2.1.0
    optionalDependencies:
      '@oxfmt/binding-android-arm-eabi': 0.66.0
      '@oxfmt/binding-android-arm64': 0.66.0
      '@oxfmt/binding-darwin-arm64': 0.66.0
      '@oxfmt/binding-darwin-x64': 0.66.0
      '@oxfmt/binding-freebsd-x64': 0.66.0
      '@oxfmt/binding-linux-arm-gnueabihf': 0.66.0
      '@oxfmt/binding-linux-arm-musleabihf': 0.66.0
      '@oxfmt/binding-linux-arm64-gnu': 0.66.0
      '@oxfmt/binding-linux-arm64-musl': 0.66.0
      '@oxfmt/binding-linux-ppc64-gnu': 0.66.0
      '@oxfmt/binding-linux-riscv64-gnu': 0.66.0
      '@oxfmt/binding-linux-riscv64-musl': 0.66.0
      '@oxfmt/binding-linux-s390x-gnu': 0.66.0
      '@oxfmt/binding-linux-x64-gnu': 0.66.0
      '@oxfmt/binding-linux-x64-musl': 0.66.0
      '@oxfmt/binding-openharmony-arm64': 0.66.0
      '@oxfmt/binding-win32-arm64-msvc': 0.66.0
      '@oxfmt/binding-win32-ia32-msvc': 0.66.0
      '@oxfmt/binding-win32-x64-msvc': 0.66.0

  oxlint@1.81.0:
    optionalDependencies:
      '@oxlint/binding-android-arm-eabi': 1.81.0
      '@oxlint/binding-android-arm64': 1.81.0
      '@oxlint/binding-darwin-arm64': 1.81.0
      '@oxlint/binding-darwin-x64': 1.81.0
      '@oxlint/binding-freebsd-x64': 1.81.0
      '@oxlint/binding-linux-arm-gnueabihf': 1.81.0
      '@oxlint/binding-linux-arm-musleabihf': 1.81.0
      '@oxlint/binding-linux-arm64-gnu': 1.81.0
      '@oxlint/binding-linux-arm64-musl': 1.81.0
      '@oxlint/binding-linux-ppc64-gnu': 1.81.0
      '@oxlint/binding-linux-riscv64-gnu': 1.81.0
      '@oxlint/binding-linux-riscv64-musl': 1.81.0
      '@oxlint/binding-linux-s390x-gnu': 1.81.0
      '@oxlint/binding-linux-x64-gnu': 1.81.0
      '@oxlint/binding-linux-x64-musl': 1.81.0
      '@oxlint/binding-openharmony-arm64': 1.81.0
      '@oxlint/binding-win32-arm64-msvc': 1.81.0
      '@oxlint/binding-win32-ia32-msvc': 1.81.0
      '@oxlint/binding-win32-x64-msvc': 1.81.0

  servor@4.0.2: {}

  tinypool@2.1.0: {}
